
Microsoft Visual Studio Solution File, Format Version 12.00
# Visual Studio Version 16
VisualStudioVersion = 16.0.31613.86
MinimumVisualStudioVersion = 10.0.40219.1
Project("{FAE04EC0-301F-11D3-BF4B-00C04F79EFBC}") = "digitaltwiningestfunction", "digitaltwiningestfunction\digitaltwiningestfunction.csproj", "{C416E539-4A50-4894-9368-57E87912D5E2}"
EndProject
Global
	GlobalSection(SolutionConfigurationPlatforms) = preSolution
		Debug|Any CPU = Debug|Any CPU
		Release|Any CPU = Release|Any CPU
	EndGlobalSection
	GlobalSection(ProjectConfigurationPlatforms) = postSolution
		{C416E539-4A50-4894-9368-57E87912D5E2}.Debug|Any CPU.ActiveCfg = Debug|Any CPU
		{C416E539-4A50-4894-9368-57E87912D5E2}.Debug|Any CPU.Build.0 = Debug|Any CPU
		{C416E539-4A50-4894-9368-57E87912D5E2}.Release|Any CPU.ActiveCfg = Release|Any CPU
		{C416E539-4A50-4894-9368-57E87912D5E2}.Release|Any CPU.Build.0 = Release|Any CPU
	EndGlobalSection
	GlobalSection(SolutionProperties) = preSolution
		HideSolutionNode = FALSE
	EndGlobalSection
	GlobalSection(ExtensibilityGlobals) = postSolution
		SolutionGuid = {DB578BF4-C53B-4C71-9628-11CCFBA0FE37}
	EndGlobalSection
EndGlobal
